
Microsoft Visual Studio Solution File, Format Version 12.00
# Visual Studio Version 17
VisualStudioVersion = 17.5.33414.496
MinimumVisualStudioVersion = 10.0.40219.1
Project("{FAE04EC0-301F-11D3-BF4B-00C04F79EFBC}") = "oop", "oop\oop.csproj", "{F1C045FC-B3EB-4CAE-8933-E406DFEE8801}"
EndProject
Global
	GlobalSection(SolutionConfigurationPlatforms) = preSolution
		Debug|Any CPU = Debug|Any CPU
		Release|Any CPU = Release|Any CPU
	EndGlobalSection
	GlobalSection(ProjectConfigurationPlatforms) = postSolution
		{F1C045FC-B3EB-4CAE-8933-E406DFEE8801}.Debug|Any CPU.ActiveCfg = Debug|Any CPU
		{F1C045FC-B3EB-4CAE-8933-E406DFEE8801}.Debug|Any CPU.Build.0 = Debug|Any CPU
		{F1C045FC-B3EB-4CAE-8933-E406DFEE8801}.Release|Any CPU.ActiveCfg = Release|Any CPU
		{F1C045FC-B3EB-4CAE-8933-E406DFEE8801}.Release|Any CPU.Build.0 = Release|Any CPU
	EndGlobalSection
	GlobalSection(SolutionProperties) = preSolution
		HideSolutionNode = FALSE
	EndGlobalSection
	GlobalSection(ExtensibilityGlobals) = postSolution
		SolutionGuid = {8F8C8272-A74B-4D2C-87E9-29C17901D984}
	EndGlobalSection
EndGlobal
